<?xml version="1.0" encoding="utf-8"?>
<Project ToolsVersion="4.0" xmlns="http://schemas.microsoft.com/developer/msbuild/2003">
  <ItemGroup>
    <Filter Include="Source Files">
      <UniqueIdentifier>{4FC737F1-C7A5-4376-A066-2A32D752A2FF}</UniqueIdentifier>
      <Extensions>cpp;c;cc;cxx;def;odl;idl;hpj;bat;asm;asmx</Extensions>
    </Filter>
    <Filter Include="Header Files">
      <UniqueIdentifier>{93995380-89BD-4b04-88EB-625FBE52EBFB}</UniqueIdentifier>
      <Extensions>h;hh;hpp;hxx;hm;inl;inc;xsd</Extensions>
    </Filter>
    <Filter Include="Resource Files">
      <UniqueIdentifier>{67DA6AB6-F800-4c08-8B7A-83BB121AAD01}</UniqueIdentifier>
      <Extensions>rc;ico;cur;bmp;dlg;rc2;rct;bin;rgs;gif;jpg;jpeg;jpe;resx;tiff;tif;png;wav;mfcribbon-ms</Extensions>
    </Filter>
    <Filter Include="Header Files\bibnumber">
      <UniqueIdentifier>{5d55fdaf-37bb-44d1-93ec-9ccfbdfb68f4}</UniqueIdentifier>
    </Filter>
    <Filter Include="Source Files\bibnumber">
      <UniqueIdentifier>{3ef6ad3e-d9fc-4b52-90f2-002831f160bb}</UniqueIdentifier>
    </Filter>
  </ItemGroup>
  <ItemGroup>
    <Text Include="ReadMe.txt" />
  </ItemGroup>
  <ItemGroup>
    <ClInclude Include="stdafx.h">
      <Filter>Header Files</Filter>
    </ClInclude>
    <ClInclude Include="targetver.h">
      <Filter>Header Files</Filter>
    </ClInclude>
    <ClInclude Include="bibnumber\facedetection.h">
      <Filter>Header Files\bibnumber</Filter>
    </ClInclude>
    <ClInclude Include="bibnumber\batch.h">
      <Filter>Header Files\bibnumber</Filter>
    </ClInclude>
    <ClInclude Include="bibnumber\log.h">
      <Filter>Header Files\bibnumber</Filter>
    </ClInclude>
    <ClInclude Include="bibnumber\pipeline.h">
      <Filter>Header Files\bibnumber</Filter>
    </ClInclude>
    <ClInclude Include="bibnumber\textdetection.h">
      <Filter>Header Files\bibnumber</Filter>
    </ClInclude>
    <ClInclude Include="bibnumber\textrecognition.h">
      <Filter>Header Files\bibnumber</Filter>
    </ClInclude>
    <ClInclude Include="bibnumber\train.h">
      <Filter>Header Files\bibnumber</Filter>
    </ClInclude>
  </ItemGroup>
  <ItemGroup>
    <ClCompile Include="stdafx.cpp">
      <Filter>Source Files</Filter>
    </ClCompile>
    <ClCompile Include="bibnumber\facedetection.cpp">
      <Filter>Source Files\bibnumber</Filter>
    </ClCompile>
    <ClCompile Include="bibnumber\bibnumber.cpp">
      <Filter>Source Files\bibnumber</Filter>
    </ClCompile>
    <ClCompile Include="bibnumber\log.cpp">
      <Filter>Source Files\bibnumber</Filter>
    </ClCompile>
    <ClCompile Include="bibnumber\pipeline.cpp">
      <Filter>Source Files\bibnumber</Filter>
    </ClCompile>
    <ClCompile Include="bibnumber\textdetection.cpp">
      <Filter>Source Files\bibnumber</Filter>
    </ClCompile>
    <ClCompile Include="bibnumber\textrecognition.cpp">
      <Filter>Source Files\bibnumber</Filter>
    </ClCompile>
    <ClCompile Include="bibnumber\train.cpp">
      <Filter>Source Files\bibnumber</Filter>
    </ClCompile>
    <ClCompile Include="bibnumber\batch.cpp">
      <Filter>Source Files\bibnumber</Filter>
    </ClCompile>
  </ItemGroup>
</Project>